// !$*UTF8*$!
{
	archiveVersion = 1;
	classes = {
	};
	objectVersion = 46;
	objects = {

/* Begin PBXBuildFile section */
		048C8D881EC46CD8001DB8DA /* main.m in Sources */ = {isa = PBXBuildFile; fileRef = 048C8D871EC46CD8001DB8DA /* main.m */; };
		048C8D8B1EC46CD8001DB8DA /* AppDelegate.m in Sources */ = {isa = PBXBuildFile; fileRef = 048C8D8A1EC46CD8001DB8DA /* AppDelegate.m */; };
		048C8D8E1EC46CD8001DB8DA /* ViewController.m in Sources */ = {isa = PBXBuildFile; fileRef = 048C8D8D1EC46CD8001DB8DA /* ViewController.m */; };
		048C8D911EC46CD8001DB8DA /* Main.storyboard in Resources */ = {isa = PBXBuildFile; fileRef = 048C8D8F1EC46CD8001DB8DA /* Main.storyboard */; };
		048C8D931EC46CD8001DB8DA /* Assets.xcassets in Resources */ = {isa = PBXBuildFile; fileRef = 048C8D921EC46CD8001DB8DA /* Assets.xcassets */; };
		048C8D961EC46CD8001DB8DA /* LaunchScreen.storyboard in Resources */ = {isa = PBXBuildFile; fileRef = 048C8D941EC46CD8001DB8DA /* LaunchScreen.storyboard */; };
		048C8DA21EC4743C001DB8DA /* CoreLocation.framework in Frameworks */ = {isa = PBXBuildFile; fileRef = 048C8DA11EC4743C001DB8DA /* CoreLocation.framework */; };
/* End PBXBuildFile section */

/* Begin PBXFileReference section */
		048C8D831EC46CD8001DB8DA /* 地理编码.app */ = {isa = PBXFileReference; explicitFileType = wrapper.application; includeInIndex = 0; path = "地理编码.app"; sourceTree = BUILT_PRODUCTS_DIR; };
		048C8D871EC46CD8001DB8DA /* main.m */ = {isa = PBXFileReference; lastKnownFileType = sourcecode.c.objc; path = main.m; sourceTree = "<group>"; };
		048C8D891EC46CD8001DB8DA /* AppDelegate.h */ = {isa = PBXFileReference; lastKnownFileType = sourcecode.c.h; path = AppDelegate.h; sourceTree = "<group>"; };
		048C8D8A1EC46CD8001DB8DA /* AppDelegate.m */ = {isa = PBXFileReference; lastKnownFileType = sourcecode.c.objc; path = AppDelegate.m; sourceTree = "<group>"; };
		048C8D8C1EC46CD8001DB8DA /* ViewController.h */ = {isa = PBXFileReference; lastKnownFileType = sourcecode.c.h; path = ViewController.h; sourceTree = "<group>"; };
		048C8D8D1EC46CD8001DB8DA /* ViewController.m */ = {isa = PBXFileReference; lastKnownFileType = sourcecode.c.objc; path = ViewController.m; sourceTree = "<group>"; };
		048C8D901EC46CD8001DB8DA /* Base */ = {isa = PBXFileReference; lastKnownFileType = file.storyboard; name = Base; path = Base.lproj/Main.storyboard; sourceTree = "<group>"; };
		048C8D921EC46CD8001DB8DA /* Assets.xcassets */ = {isa = PBXFileReference; lastKnownFileType = folder.assetcatalog; path = Assets.xcassets; sourceTree = "<group>"; };
		048C8D951EC46CD8001DB8DA /* Base */ = {isa = PBXFileReference; lastKnownFileType = file.storyboard; name = Base; path = Base.lproj/LaunchScreen.storyboard; sourceTree = "<group>"; };
		048C8D971EC46CD8001DB8DA /* Info.plist */ = {isa = PBXFileReference; lastKnownFileType = text.plist.xml; path = Info.plist; sourceTree = "<group>"; };
		048C8DA11EC4743C001DB8DA /* CoreLocation.framework */ = {isa = PBXFileReference; lastKnownFileType = wrapper.framework; name = CoreLocation.framework; path = System/Library/Frameworks/CoreLocation.framework; sourceTree = SDKROOT; };
/* End PBXFileReference section */

/* Begin PBXFrameworksBuildPhase section */
		048C8D801EC46CD8001DB8DA /* Frameworks */ = {
			isa = PBXFrameworksBuildPhase;
			buildActionMask = 2147483647;
			files = (
				048C8DA21EC4743C001DB8DA /* CoreLocation.framework in Frameworks */,
			);
			runOnlyForDeploymentPostprocessing = 0;
		};
/* End PBXFrameworksBuildPhase section */

/* Begin PBXGroup section */
		048C8D7A1EC46CD8001DB8DA = {
			isa = PBXGroup;
			children = (
				048C8D851EC46CD8001DB8DA /* 地理编码 */,
				048C8D841EC46CD8001DB8DA /* Products */,
				048C8DA01EC4743C001DB8DA /* Frameworks */,
			);
			sourceTree = "<group>";
		};
		048C8D841EC46CD8001DB8DA /* Products */ = {
			isa = PBXGroup;
			children = (
				048C8D831EC46CD8001DB8DA /* 地理编码.app */,
			);
			name = Products;
			sourceTree = "<group>";
		};
		048C8D851EC46CD8001DB8DA /* 地理编码 */ = {
			isa = PBXGroup;
			children = (
				048C8D891EC46CD8001DB8DA /* AppDelegate.h */,
				048C8D8A1EC46CD8001DB8DA /* AppDelegate.m */,
				048C8D8C1EC46CD8001DB8DA /* ViewController.h */,
				048C8D8D1EC46CD8001DB8DA /* ViewController.m */,
				048C8D8F1EC46CD8001DB8DA /* Main.storyboard */,
				048C8D921EC46CD8001DB8DA /* Assets.xcassets */,
				048C8D941EC46CD8001DB8DA /* LaunchScreen.storyboard */,
				048C8D971EC46CD8001DB8DA /* Info.plist */,
				048C8D861EC46CD8001DB8DA /* Supporting Files */,
			);
			path = "地理编码";
			sourceTree = "<group>";
		};
		048C8D861EC46CD8001DB8DA /* Supporting Files */ = {
			isa = PBXGroup;
			children = (
				048C8D871EC46CD8001DB8DA /* main.m */,
			);
			name = "Supporting Files";
			sourceTree = "<group>";
		};
		048C8DA01EC4743C001DB8DA /* Frameworks */ = {
			isa = PBXGroup;
			children = (
				048C8DA11EC4743C001DB8DA /* CoreLocation.framework */,
			);
			name = Frameworks;
			sourceTree = "<group>";
		};
/* End PBXGroup section */

/* Begin PBXNativeTarget section */
		048C8D821EC46CD8001DB8DA /* 地理编码 */ = {
			isa = PBXNativeTarget;
			buildConfigurationList = 048C8D9A1EC46CD8001DB8DA /* Build configuration list for PBXNativeTarget "地理编码" */;
			buildPhases = (
				048C8D7F1EC46CD8001DB8DA /* Sources */,
				048C8D801EC46CD8001DB8DA /* Frameworks */,
				048C8D811EC46CD8001DB8DA /* Resources */,
			);
			buildRules = (
			);
			dependencies = (
			);
			name = "地理编码";
			productName = "地理编码";
			productReference = 048C8D831EC46CD8001DB8DA /* 地理编码.app */;
			productType = "com.apple.product-type.application";
		};
/* End PBXNativeTarget section */

/* Begin PBXProject section */
		048C8D7B1EC46CD8001DB8DA /* Project object */ = {
			isa = PBXProject;
			attributes = {
				LastUpgradeCheck = 0820;
				ORGANIZATIONNAME = cai;
				TargetAttributes = {
					048C8D821EC46CD8001DB8DA = {
						CreatedOnToolsVersion = 8.2.1;
						DevelopmentTeam = D75W8X4F7B;
						ProvisioningStyle = Automatic;
					};
				};
			};
			buildConfigurationList = 048C8D7E1EC46CD8001DB8DA /* Build configuration list for PBXProject "地理编码" */;
			compatibilityVersion = "Xcode 3.2";
			developmentRegion = English;
			hasScannedForEncodings = 0;
			knownRegions = (
				en,
				Base,
			);
			mainGroup = 048C8D7A1EC46CD8001DB8DA;
			productRefGroup = 048C8D841EC46CD8001DB8DA /* Products */;
			projectDirPath = "";
			projectRoot = "";
			targets = (
				048C8D821EC46CD8001DB8DA /* 地理编码 */,
			);
		};
/* End PBXProject section */

/* Begin PBXResourcesBuildPhase section */
		048C8D811EC46CD8001DB8DA /* Resources */ = {
			isa = PBXResourcesBuildPhase;
			buildActionMask = 2147483647;
			files = (
				048C8D961EC46CD8001DB8DA /* LaunchScreen.storyboard in Resources */,
				048C8D931EC46CD8001DB8DA /* Assets.xcassets in Resources */,
				048C8D911EC46CD8001DB8DA /* Main.storyboard in Resources */,
			);
			runOnlyForDeploymentPostprocessing = 0;
		};
/* End PBXResourcesBuildPhase section */

/* Begin PBXSourcesBuildPhase section */
		048C8D7F1EC46CD8001DB8DA /* Sources */ = {
			isa = PBXSourcesBuildPhase;
			buildActionMask = 2147483647;
			files = (
				048C8D8E1EC46CD8001DB8DA /* ViewController.m in Sources */,
				048C8D8B1EC46CD8001DB8DA /* AppDelegate.m in Sources */,
				048C8D881EC46CD8001DB8DA /* main.m in Sources */,
			);
			runOnlyForDeploymentPostprocessing = 0;
		};
/* End PBXSourcesBuildPhase section */

/* Begin PBXVariantGroup section */
		048C8D8F1EC46CD8001DB8DA /* Main.storyboard */ = {
			isa = PBXVariantGroup;
			children = (
				048C8D901EC46CD8001DB8DA /* Base */,
			);
			name = Main.storyboard;
			sourceTree = "<group>";
		};
		048C8D941EC46CD8001DB8DA /* LaunchScreen.storyboard */ = {
			isa = PBXVariantGroup;
			children = (
				048C8D951EC46CD8001DB8DA /* Base */,
			);
			name = LaunchScreen.storyboard;
			sourceTree = "<group>";
		};
/* End PBXVariantGroup section */

/* Begin XCBuildConfiguration section */
		048C8D981EC46CD8001DB8DA /* Debug */ = {
			isa = XCBuildConfiguration;
			buildSettings = {
				ALWAYS_SEARCH_USER_PATHS = NO;
				CLANG_ANALYZER_NONNULL = YES;
				CLANG_CXX_LANGUAGE_STANDARD = "gnu++0x";
				CLANG_CXX_LIBRARY = "libc++";
				CLANG_ENABLE_MODULES = YES;
				CLANG_ENABLE_OBJC_ARC = YES;
				CLANG_WARN_BOOL_CONVERSION = YES;
				CLANG_WARN_CONSTANT_CONVERSION = YES;
				CLANG_WARN_DIRECT_OBJC_ISA_USAGE = YES_ERROR;
				CLANG_WARN_DOCUMENTATION_COMMENTS = YES;
				CLANG_WARN_EMPTY_BODY = YES;
				CLANG_WARN_ENUM_CONVERSION = YES;
				CLANG_WARN_INFINITE_RECURSION = YES;
				CLANG_WARN_INT_CONVERSION = YES;
				CLANG_WARN_OBJC_ROOT_CLASS = YES_ERROR;
				CLANG_WARN_SUSPICIOUS_MOVE = YES;
				CLANG_WARN_UNREACHABLE_CODE = YES;
				CLANG_WARN__DUPLICATE_METHOD_MATCH = YES;
				"CODE_SIGN_IDENTITY[sdk=iphoneos*]" = "iPhone Developer";
				COPY_PHASE_STRIP = NO;
				DEBUG_INFORMATION_FORMAT = dwarf;
				ENABLE_STRICT_OBJC_MSGSEND = YES;
				ENABLE_TESTABILITY = YES;
				GCC_C_LANGUAGE_STANDARD = gnu99;
				GCC_DYNAMIC_NO_PIC = NO;
				GCC_NO_COMMON_BLOCKS = YES;
				GCC_OPTIMIZATION_LEVEL = 0;
				GCC_PREPROCESSOR_DEFINITIONS = (
					"DEBUG=1",
					"$(inherited)",
				);
				GCC_WARN_64_TO_32_BIT_CONVERSION = YES;
				GCC_WARN_ABOUT_RETURN_TYPE = YES_ERROR;
				GCC_WARN_UNDECLARED_SELECTOR = YES;
				GCC_WARN_UNINITIALIZED_AUTOS = YES_AGGRESSIVE;
				GCC_WARN_UNUSED_FUNCTION = YES;
				GCC_WARN_UNUSED_VARIABLE = YES;
				IPHONEOS_DEPLOYMENT_TARGET = 10.2;
				MTL_ENABLE_DEBUG_INFO = YES;
				ONLY_ACTIVE_ARCH = YES;
				SDKROOT = iphoneos;
			};
			name = Debug;
		};
		048C8D991EC46CD8001DB8DA /* Release */ = {
			isa = XCBuildConfiguration;
			buildSettings = {
				ALWAYS_SEARCH_USER_PATHS = NO;
				CLANG_ANALYZER_NONNULL = YES;
				CLANG_CXX_LANGUAGE_STANDARD = "gnu++0x";
				CLANG_CXX_LIBRARY = "libc++";
				CLANG_ENABLE_MODULES = YES;
				CLANG_ENABLE_OBJC_ARC = YES;
				CLANG_WARN_BOOL_CONVERSION = YES;
				CLANG_WARN_CONSTANT_CONVERSION = YES;
				CLANG_WARN_DIRECT_OBJC_ISA_USAGE = YES_ERROR;
				CLANG_WARN_DOCUMENTATION_COMMENTS = YES;
				CLANG_WARN_EMPTY_BODY = YES;
				CLANG_WARN_ENUM_CONVERSION = YES;
				CLANG_WARN_INFINITE_RECURSION = YES;
				CLANG_WARN_INT_CONVERSION = YES;
				CLANG_WARN_OBJC_ROOT_CLASS = YES_ERROR;
				CLANG_WARN_SUSPICIOUS_MOVE = YES;
				CLANG_WARN_UNREACHABLE_CODE = YES;
				CLANG_WARN__DUPLICATE_METHOD_MATCH = YES;
				"CODE_SIGN_IDENTITY[sdk=iphoneos*]" = "iPhone Developer";
				COPY_PHASE_STRIP = NO;
				DEBUG_INFORMATION_FORMAT = "dwarf-with-dsym";
				ENABLE_NS_ASSERTIONS = NO;
				ENABLE_STRICT_OBJC_MSGSEND = YES;
				GCC_C_LANGUAGE_STANDARD = gnu99;
				GCC_NO_COMMON_BLOCKS = YES;
				GCC_WARN_64_TO_32_BIT_CONVERSION = YES;
				GCC_WARN_ABOUT_RETURN_TYPE = YES_ERROR;
				GCC_WARN_UNDECLARED_SELECTOR = YES;
				GCC_WARN_UNINITIALIZED_AUTOS = YES_AGGRESSIVE;
				GCC_WARN_UNUSED_FUNCTION = YES;
				GCC_WARN_UNUSED_VARIABLE = YES;
				IPHONEOS_DEPLOYMENT_TARGET = 10.2;
				MTL_ENABLE_DEBUG_INFO = NO;
				SDKROOT = iphoneos;
				VALIDATE_PRODUCT = YES;
			};
			name = Release;
		};
		048C8D9B1EC46CD8001DB8DA /* Debug */ = {
			isa = XCBuildConfiguration;
			buildSettings = {
				ASSETCATALOG_COMPILER_APPICON_NAME = AppIcon;
				DEVELOPMENT_TEAM = D75W8X4F7B;
				INFOPLIST_FILE = "地理编码/Info.plist";
				LD_RUNPATH_SEARCH_PATHS = "$(inherited) @executable_path/Frameworks";
				PRODUCT_BUNDLE_IDENTIFIER = "com.cai.----";
				PRODUCT_NAME = "$(TARGET_NAME)";
			};
			name = Debug;
		};
		048C8D9C1EC46CD8001DB8DA /* Release */ = {
			isa = XCBuildConfiguration;
			buildSettings = {
				ASSETCATALOG_COMPILER_APPICON_NAME = AppIcon;
				DEVELOPMENT_TEAM = D75W8X4F7B;
				INFOPLIST_FILE = "地理编码/Info.plist";
				LD_RUNPATH_SEARCH_PATHS = "$(inherited) @executable_path/Frameworks";
				PRODUCT_BUNDLE_IDENTIFIER = "com.cai.----";
				PRODUCT_NAME = "$(TARGET_NAME)";
			};
			name = Release;
		};
/* End XCBuildConfiguration section */

/* Begin XCConfigurationList section */
		048C8D7E1EC46CD8001DB8DA /* Build configuration list for PBXProject "地理编码" */ = {
			isa = XCConfigurationList;
			buildConfigurations = (
				048C8D981EC46CD8001DB8DA /* Debug */,
				048C8D991EC46CD8001DB8DA /* Release */,
			);
			defaultConfigurationIsVisible = 0;
			defaultConfigurationName = Release;
		};
		048C8D9A1EC46CD8001DB8DA /* Build configuration list for PBXNativeTarget "地理编码" */ = {
			isa = XCConfigurationList;
			buildConfigurations = (
				048C8D9B1EC46CD8001DB8DA /* Debug */,
				048C8D9C1EC46CD8001DB8DA /* Release */,
			);
			defaultConfigurationIsVisible = 0;
		};
/* End XCConfigurationList section */
	};
	rootObject = 048C8D7B1EC46CD8001DB8DA /* Project object */;
}
